{
  "version": 4,
  "terraform_version": "1.5.0",
  "serial": 25,
  "lineage": "5361ce3f-73b2-fbdf-f6a6-c8fc2d0d2a4e",
  "outputs": {},
  "resources": [
    {
      "mode": "data",
      "type": "vsphere_datacenter",
      "name": "dc",
      "provider": "provider[\"registry.terraform.io/vmware/vsphere\"]",
      "instances": [
        {
          "schema_version": 0,
          "attributes": {
            "id": "datacenter-3",
            "name": "ITSEC Lab",
            "virtual_machines": [
              "BMC MSSQL01",
              "BMC MSSQL02",
              "BNI- POC Senhasegura - DC",
              "BNI-POC Redhat 8",
              "BNI-POC Unix - FreeBSD",
              "BNI-POC-Nessus-Scan",
              "BNI-POC-Nessus-Scan2",
              "BNI-POC-Oracle",
              "BNI-POC-Splunk",
              "BNI-POC-TSC",
              "BNI-POC-Tanable-SC",
              "BNI-Poc-Ubuntu-Server",
              "BNI-Poc-Windows-Server-2019",
              "BNI_POC-Before-Scan",
              "BNI_POC_Nessus_Scan",
              "BRI.co.id AD",
              "Blancco BMC Lab",
              "CAPE",
              "CAPEv2",
              "CFX-Dashboard",
              "CFX-Jumpcloud-Win10",
              "CFX-Prepper",
              "CTI-LABS-TI_Team",
              "Claude for reverse",
              "DB2 Client 2",
              "DB2 Client Yoel",
              "DB2 Primary",
              "DB2 Secondary",
              "DB2 Standby",
              "DB2 Tamplate",
              "DVWA Yoel",
              "Debian 12 - POC",
              "EL win1",
              "EL win2",
              "EVE-NG",
              "EVE-NG SECOPS INDOSAT",
              "Elastic-Lab1",
              "Elastic-Lab3",
              "Elastic-lab2",
              "Farid-Splunk",
              "Farid-Windows10",
              "Forti-SRA",
              "FortiSRA_Yoel",
              "G-VM-Server",
              "GNS3-SOC",
              "Grafana-xApp-Farid",
              "HQ.bri.co.id AD",
              "IBM Db2",
              "IPAM-Ubuntu24-Rizqi",
              "ITSEC-SOC-ES1",
              "ITSEC-SOC-ES2",
              "ITSEC-SOC-ES3",
              "ITSEC-SOC-KIBANA",
              "ITSEC-SOC-LOG-COLLECTOR",
              "ITSEC-SOC-MISP",
              "ITSEC-SOC-OPENCTI",
              "ITSEC-SOC-Splunk",
              "ITSEC-TRION",
              "LAB BSD - Endpoint WDS",
              "LAB BSD - Logstash",
              "LAB CAPE",
              "LAB FDS RHEL 9.5",
              "LAB-Centosku-7.9",
              "LLM Yoel",
              "Lab BSD - AD - 01",
              "Lab BSD - Kali01",
              "Lab BSD - Qradar01",
              "Lab BSD - Splunk Dev",
              "Lab BSD - Tracecat",
              "Lab BSD - Ubuntu - 02",
              "Lab BSD - WDS01 - Jumphost",
              "Lab BSDS - Ubuntu - 01",
              "Lab FDS BRI",
              "Lab Ubuntu - Jumphost",
              "Lab Windows - Jumphost",
              "Lab-MSV-Director",
              "Lab-MSV-Remote",
              "Lab-Msv-Actor-Lin1",
              "Lab-Msv-Actor-Lin2",
              "Lab-Msv-Actor-Lin3",
              "Lab-Msv-Actor-Win1",
              "Lab-Msv-Actor-Win2",
              "Lab-Msv-Splunk",
              "Labs-Rea",
              "Linux Desktop Yoel",
              "Linux Recon El",
              "Linux Yoel",
              "Logstash-Lab",
              "MSVPT",
              "Mail Gateway PMG-Farid",
              "Mail Server",
              "Monitoring-Wahyu",
              "Network-Connector",
              "Nizar-NGINX-1",
              "Nizar-NGINX-2",
              "Nizar-Wazuh",
              "Nizar-Win10-Endpoint",
              "Nizar-WinServer-AD",
              "Nozomi",
              "Nzr-CAPEv2",
              "Nzr-Kali",
              "O-RAN-SC-Farid",
              "O-RAN-SC-Farid-New",
              "OAI-UE-Farid(Used)",
              "OLLama-Ubuntu24",
              "Open RAN - Farid(Used)",
              "Open-CTI",
              "OpenVAS",
              "Oracle_DB-Farid",
              "PHE - Vectra Brain",
              "PHE - Vectra Brain Online",
              "PHE - Vectra vSensor",
              "PHE-POC-Kali",
              "PHE-POC-Ubuntu-22-APM1",
              "PHE-POC-Ubuntu-22-ELK1",
              "PHE-POC-Ubuntu-22-ES1",
              "PHE-POC-Ubuntu-22-ES2",
              "PHE-POC-Ubuntu-22-ES3",
              "PHE-POC-Ubuntu-22-FS1",
              "PHE-POC-Ubuntu-22-K1",
              "PHE-POC-Ubuntu-22-K2",
              "PHE-POC-Ubuntu-22-LS1",
              "PHE-POC-Ubuntu-22-LS2",
              "PHE-POC-Ubuntu-Endpoint",
              "PHE-POC-Windows-10-Endpoint",
              "PHE-POC-Windows-Server-Endpoint",
              "PHI - Vectra Brain",
              "PHM-Splunk",
              "PHM-UBA",
              "PLN Windows Server 2022 Eval",
              "PLN-MSV-Actor1",
              "PLN-MSV-Director",
              "POC-ThreatSonar_3.6.1 (1)",
              "POC-senseg-ITM",
              "Passbolt-Password-Store",
              "Pfsense-Noble",
              "Pinetlab El",
              "PnetLab-Reza",
              "Pnetlab",
              "RDS-ASJ",
              "RIC-SRSRAN-Farid(Used)",
              "Rapid7_Yoel",
              "Rea-KaliLinux",
              "Rea-WIN10",
              "Redhat 9.6 Test CIS Harden",
              "Reverse-Proxy",
              "Reverse_Labs_Wagyu_A5",
              "Reverse_Proxy_Nginx",
              "Reza-Win10",
              "Rivado-Kibana",
              "Rivaldo-Elastic1",
              "Rivaldo-Elastic2",
              "Rivaldo-Win10",
              "Rizqi-Windows-10-186",
              "Rocky 9.5 Harden CIS Test",
              "Rocky Linux",
              "SOR Tes",
              "SRSRAN_Project-Farid",
              "Scan-engine-Rapid7",
              "Segura-4.0.2",
              "Senhasegura - Debian",
              "Senhasegura - MSSQL \u0026 IIS",
              "Senhasegura - Workstation",
              "Senhasegura POC",
              "Senhasegura-lab",
              "Server-Harvest",
              "Servicedesk Plus Ticketing",
              "Squid_Proxy_Rizqi",
              "Suricata",
              "Swimlane",
              "TI-Datasharing",
              "TaufiqRedhat",
              "TaufiqUbuntu",
              "Tenable SC",
              "TrueNas-LAB",
              "UE-New-Farid",
              "Ubuntu  Ansible Clone",
              "Ubuntu - Ansible",
              "Ubuntu-velociraptor-Rizqi-102",
              "VM Jumhost BRI",
              "VM Template - RHEL 9.5",
              "VM Template - Ubuntu Server 22.04.5",
              "VM Template - Ubuntu Server 24.04.2",
              "VM Template - Windows 10",
              "VM Template - Windows 11",
              "VM Template - Windows Server 2019",
              "VM_CentosOS",
              "Vm Nginx",
              "WIndows Server 2022 Eval PLN",
              "Wahyu_Front_End_Reverse_Labs",
              "Wahyu_Front_End_Reverse_Labs (1)",
              "Wahyu_Worker01_Ghidra_Reverse_Lab",
              "Wazuh",
              "Wazuh EL",
              "Wazuh Server Yoel",
              "Win 10 DB2 Yoel",
              "Win-SVR-Yhn",
              "Win10",
              "Win10PAGoldImg",
              "Win_Crowdstrike_Agent",
              "Windows 10 Yoel",
              "Windows 10 Yoel (1)",
              "Windows 10 agent",
              "Windows 2016 AD - itsec.lab",
              "Windows Server Bank DKI",
              "Windows-Agent-Jumpcloud",
              "Windows_10_agent_wazuh",
              "Yoel Cape",
              "Yohan-Endpoint-Ubuntu24Desktop",
              "Yohan-Lab-UEBA",
              "Yohan-Plain-Ubuntu-22",
              "Yohan-Plain-Ubuntu20",
              "Yohan-Plain-WS2019",
              "Yohan-ThreatSonar",
              "Yohan-Ubuntu_Desktop_22-Plain",
              "Yohan-WS2019-Endpoint",
              "Yohan-vrx-01",
              "cape",
              "cape agent",
              "capev2 el",
              "e-g-com",
              "e-ng-com",
              "elastic-01",
              "elastic-02",
              "elastic-03",
              "elastic-cold",
              "elastic-fleet",
              "elastic-ls",
              "elastic-ml",
              "elastictaufiq",
              "fefe-kalilinux",
              "fefe-linux",
              "jumphost_linux_POC",
              "kali-itsec-clone-2022",
              "kibana-lab",
              "kibanataufiq",
              "lab-ASM",
              "lab-LB-Nginx",
              "lab-LB-f5",
              "lab-client-nginx",
              "lab-elastic-hot1",
              "lab-mysql01",
              "lab-mysql02",
              "lab-mysql03",
              "lab-mysql1",
              "lab-mysql2",
              "lab-router",
              "lab-routermysql",
              "labnifi",
              "logstashtaufiq",
              "mandiant_actor_4.14.2.0-118",
              "mandiant_director_4.14.2.0-118",
              "mandiant_theater_4.14.2.0-118",
              "master-ubuntu-24",
              "net.test-dev",
              "net.test-es01",
              "net.test-es02",
              "net.test-es03",
              "net.test-es04",
              "net.test-es05",
              "net.test-es06",
              "net.test-gw",
              "net.test-win11",
              "net.test-ws2019",
              "omhal-nginx-LB",
              "omhal-nginx-LBx",
              "omhal-nginx-client",
              "omhal-wazuh-dashboard",
              "omhal-wazuh-index1",
              "omhal-wazuh-index2",
              "omhal-wazuh-index3",
              "omhal-wazuh-manager",
              "omhal-windows",
              "pertamina-vectra-vhe-poc",
              "remote",
              "rtm_blackduck",
              "salman-ubuntu",
              "sanbox",
              "splunk-lab",
              "taufiq-elk1",
              "taufiq_kalilinux",
              "taufiqelastic",
              "taufiqelk-1",
              "tes",
              "test_splunk_9_4",
              "testing-vm",
              "ubuntu-template",
              "ubuntuang",
              "vCenter Server",
              "vcenter",
              "vm nginxxx",
              "win10-Rizqi-109",
              "windows 10 new",
              "xCloudflared-Gateway",
              "xDocker",
              "xMCP",
              "xMCP Win11",
              "xMSV Actor Ubuntu 22.04",
              "xMSV Actor Ubuntu 22.04 (1)",
              "xMSV Actor Win11",
              "xMSV Director",
              "xOPNsense",
              "xPassbolt",
              "xPrometheus",
              "xRHEL 9",
              "xRockyLinux 8",
              "xSenhasegura",
              "xSuricata",
              "xUbuntu 24.04",
              "xWazuh Dashboard",
              "xWazuh Indexer",
              "xWazuh Manager",
              "xWin10AD",
              "xWin11",
              "xWindows 10",
              "xZeroTier-Gateway",
              "xn8n"
            ]
          },
          "sensitive_attributes": []
        }
      ]
    },
    {
      "mode": "data",
      "type": "vsphere_datastore",
      "name": "datastore",
      "provider": "provider[\"registry.terraform.io/vmware/vsphere\"]",
      "instances": [
        {
          "schema_version": 0,
          "attributes": {
            "datacenter_id": "datacenter-3",
            "id": "datastore-13",
            "name": "VMFSdata",
            "stats": {
              "capacity": "4797746905088",
              "free": "902095175680"
            }
          },
          "sensitive_attributes": []
        }
      ]
    },
    {
      "mode": "data",
      "type": "vsphere_host",
      "name": "host",
      "provider": "provider[\"registry.terraform.io/vmware/vsphere\"]",
      "instances": [
        {
          "schema_version": 0,
          "attributes": {
            "datacenter_id": "datacenter-3",
            "id": "host-10",
            "name": "172.16.16.250",
            "resource_pool_id": "resgroup-9"
          },
          "sensitive_attributes": []
        }
      ]
    },
    {
      "mode": "data",
      "type": "vsphere_network",
      "name": "network",
      "provider": "provider[\"registry.terraform.io/vmware/vsphere\"]",
      "instances": [
        {
          "schema_version": 0,
          "attributes": {
            "datacenter_id": "datacenter-3",
            "distributed_virtual_switch_uuid": null,
            "filter": null,
            "id": "network-30",
            "name": "VM Network",
            "retry_interval": 500,
            "retry_timeout": 0,
            "type": "Network",
            "vpc_id": null,
            "vpc_project_id": null
          },
          "sensitive_attributes": []
        }
      ]
    },
    {
      "mode": "data",
      "type": "vsphere_virtual_machine",
      "name": "template",
      "provider": "provider[\"registry.terraform.io/vmware/vsphere\"]",
      "instances": [
        {
          "schema_version": 0,
          "attributes": {
            "alternate_guest_name": "",
            "annotation": "",
            "boot_delay": 0,
            "boot_retry_delay": 10000,
            "boot_retry_enabled": false,
            "change_version": "2026-07-02T01:03:02.345879Z",
            "cpu_hot_add_enabled": false,
            "cpu_hot_remove_enabled": false,
            "cpu_limit": -1,
            "cpu_performance_counters_enabled": false,
            "cpu_reservation": 0,
            "cpu_share_count": 2000,
            "cpu_share_level": "normal",
            "custom_attributes": {},
            "datacenter_id": "datacenter-3",
            "default_ip_address": null,
            "disks": [
              {
                "eagerly_scrub": false,
                "label": "Hard disk 1",
                "size": 25,
                "thin_provisioned": false,
                "unit_number": 0
              }
            ],
            "efi_secure_boot_enabled": false,
            "enable_disk_uuid": false,
            "enable_logging": true,
            "ept_rvi_mode": "automatic",
            "evc_mode": "",
            "extra_config": {},
            "extra_config_reboot_required": true,
            "firmware": "bios",
            "folder": null,
            "guest_id": "ubuntu64Guest",
            "guest_ip_addresses": [],
            "hardware_version": 19,
            "hv_mode": "hvAuto",
            "id": "42057c6b-4aa3-c58f-c9ba-fe0ffa5a38ab",
            "ide_controller_scan_count": 2,
            "instance_uuid": "500595f1-9ae3-24a2-a038-dd3b73f158bd",
            "latency_sensitivity": "normal",
            "memory": 4096,
            "memory_hot_add_enabled": false,
            "memory_limit": -1,
            "memory_reservation": 0,
            "memory_reservation_locked_to_max": false,
            "memory_share_count": 40960,
            "memory_share_level": "normal",
            "moid": "vm-6037",
            "name": "ubuntu-template",
            "nested_hv_enabled": false,
            "network_interface_types": [
              "vmxnet3"
            ],
            "network_interfaces": [
              {
                "adapter_type": "vmxnet3",
                "bandwidth_limit": -1,
                "bandwidth_reservation": 0,
                "bandwidth_share_count": 50,
                "bandwidth_share_level": "normal",
                "external_port_id": "",
                "mac_address": "00:50:56:85:ee:fd",
                "network_id": "network-30",
                "physical_function": ""
              }
            ],
            "num_cores_per_numa_node": null,
            "num_cores_per_socket": 1,
            "num_cpus": 2,
            "nvme_controller_scan_count": 1,
            "replace_trigger": null,
            "run_tools_scripts_after_power_on": true,
            "run_tools_scripts_after_resume": true,
            "run_tools_scripts_before_guest_reboot": false,
            "run_tools_scripts_before_guest_shutdown": true,
            "run_tools_scripts_before_guest_standby": true,
            "sata_controller_scan_count": 0,
            "scsi_bus_sharing": "noSharing",
            "scsi_controller_scan_count": 1,
            "scsi_type": "lsilogic",
            "storage_policy_id": null,
            "swap_placement_policy": "inherit",
            "sync_time_with_host": true,
            "sync_time_with_host_periodically": false,
            "tags": [],
            "tools_upgrade_policy": "manual",
            "uuid": "42057c6b-4aa3-c58f-c9ba-fe0ffa5a38ab",
            "vapp": null,
            "vapp_transport": [],
            "vbs_enabled": false,
            "video_card": [
              {
                "graphics_3d": [],
                "num_displays": 1,
                "total_video_memory": 4
              }
            ],
            "vtpm": false,
            "vvtd_enabled": false
          },
          "sensitive_attributes": []
        }
      ]
    },
    {
      "mode": "managed",
      "type": "vsphere_virtual_machine",
      "name": "elastic",
      "provider": "provider[\"registry.terraform.io/vmware/vsphere\"]",
      "instances": [
        {
          "index_key": "omhal-lab-cold",
          "schema_version": 3,
          "attributes": {
            "alternate_guest_name": "",
            "annotation": "",
            "boot_delay": 0,
            "boot_retry_delay": 10000,
            "boot_retry_enabled": false,
            "cdrom": [],
            "change_version": "2026-07-03T02:19:22.335176Z",
            "clone": [
              {
                "customization_spec": [],
                "customize": [],
                "linked_clone": false,
                "ovf_network_map": null,
                "ovf_storage_map": null,
                "template_uuid": "42057c6b-4aa3-c58f-c9ba-fe0ffa5a38ab",
                "timeout": 30
              }
            ],
            "cpu_hot_add_enabled": false,
            "cpu_hot_remove_enabled": false,
            "cpu_limit": -1,
            "cpu_performance_counters_enabled": false,
            "cpu_reservation": 0,
            "cpu_share_count": 4000,
            "cpu_share_level": "normal",
            "custom_attributes": null,
            "datacenter_id": null,
            "datastore_cluster_id": null,
            "datastore_id": "datastore-13",
            "default_ip_address": null,
            "disk": [
              {
                "attach": false,
                "controller_type": "scsi",
                "datastore_id": "datastore-13",
                "device_address": "scsi:0:0",
                "disk_mode": "persistent",
                "disk_sharing": "sharingNone",
                "eagerly_scrub": false,
                "io_limit": -1,
                "io_reservation": 0,
                "io_share_count": 1000,
                "io_share_level": "normal",
                "keep_on_remove": false,
                "key": 2000,
                "label": "root-disk",
                "path": "omhal-lab-cold/omhal-lab-cold.vmdk",
                "size": 50,
                "storage_policy_id": "",
                "thin_provisioned": false,
                "unit_number": 0,
                "uuid": "6000C29c-a6e8-8f66-eeba-2eec86935bae",
                "write_through": false
              }
            ],
            "efi_secure_boot_enabled": false,
            "enable_disk_uuid": false,
            "enable_logging": false,
            "ept_rvi_mode": "automatic",
            "evc_mode": null,
            "extra_config": {
              "guestinfo.userdata": "I2Nsb3VkLWNvbmZpZwpob3N0bmFtZTogb21oYWwtbGFiLWNvbGQKZnFkbjogb21oYWwtbGFiLWNvbGQKbWFuYWdlX2V0Y19ob3N0czogdHJ1ZQoKdXNlcnM6CiAgLSBuYW1lOiBlbGFzdGljCiAgICBncm91cHM6IHN1ZG8KICAgIHN1ZG86IEFMTD0oQUxMKSBOT1BBU1NXRDpBTEwKICAgIHNoZWxsOiAvYmluL2Jhc2gKICAgIGxvY2tfcGFzc3dkOiBmYWxzZQogICAgc3NoX2F1dGhvcml6ZWRfa2V5czoKICAgICAgLSBzc2gtcnNhIEFBQUFCM056YUMxeWMyRUFBQUFEQVFBQkFBQUJnUUQwVjVTdS9BY0t2MlBTTkVxZUtaSXdxNFdmZ1RvNDBVS1RlUmdXanVLMEdxUWJMZzdYYWs3L1J0azVzTjFxZjVzd2JjTVlrMEl0amRQZkxkeHQvZHRMRGtXWnZjV3c1b2VrK2QrTFh4NDV0MkFyVlczOVVBOHNOZ0V3UWhOZmpHU0hSem52N1FnYnVmUlpDK0FuZWlUdXpoVCszZ0svbkUvK2F0aU4vRnZ1TG93bEcrWmFpZE5DTE0rUDhJUGtwL29JeU5rakF4YWdoWmtUcXN6QVNQNHY0MjM3dzNsdHZWVnd1Tk9ucGR0TUc0OE8zL2hwOVQ5ZmJmZTN2KytsOG9FblNTTGEvcDFkWUVrNFIya3RMcE5DUVhHLzhGSmZWdkNIL05teFltZ3FYUXBBdXlBZkQyMFFHTEtkTWxWRUh6TmJobEd0L2x5ZjBlSk9PZlVJNUh6M3B3b1JuTHJxQko1cGF3S2xmWFFRY242OVkrUTBKWlNoNDJXa1k2bVBLU3duVDVUV3E0cDBKRmpIRW1LVjArbGNxaVIvVHJrbTBhWWJpa0JMUnA2T0ZqcUZ3QWN2QjhpTm8xanhsbW0yTXVIck85a29xbWYzcHpMSFBOUGtwTWpHZ3hGYkhjOVZDa3FFY0QzUTZyUFR5UEpHTklCSEEvbTB0MVpERmNEZ0dOTT0KCmNocGFzc3dkOgogIGxpc3Q6IHwKICAgIGVsYXN0aWM6SmFrYXJ0YTIwMjYhCiAgZXhwaXJlOiBmYWxzZQoKc3NoX3B3YXV0aDogdHJ1ZQpkaXNhYmxlX3Jvb3Q6IGZhbHNlCgp3cml0ZV9maWxlczoKICAtIHBhdGg6IC9ldGMvc3Vkb2Vycy5kLzk5LWVsYXN0aWMKICAgIG93bmVyOiByb290OnJvb3QKICAgIHBlcm1pc3Npb25zOiAiMDQ0MCIKICAgIGNvbnRlbnQ6IHwKICAgICAgZWxhc3RpYyBBTEw9KEFMTCkgTk9QQVNTV0Q6QUxMCgogIC0gcGF0aDogL2V0Yy9jbG91ZC9jbG91ZC5jZmcuZC85OS1kaXNhYmxlLW5ldHdvcmstY29uZmlnLmNmZwogICAgb3duZXI6IHJvb3Q6cm9vdAogICAgcGVybWlzc2lvbnM6ICIwNjQ0IgogICAgY29udGVudDogfAogICAgICBuZXR3b3JrOiB7Y29uZmlnOiBkaXNhYmxlZH0KCiAgLSBwYXRoOiAvZXRjL25ldHBsYW4vMDEtc3RhdGljLWlwLnlhbWwKICAgIG93bmVyOiByb290OnJvb3QKICAgIHBlcm1pc3Npb25zOiAiMDYwMCIKICAgIGNvbnRlbnQ6IHwKICAgICAgbmV0d29yazoKICAgICAgICB2ZXJzaW9uOiAyCiAgICAgICAgcmVuZGVyZXI6IG5ldHdvcmtkCiAgICAgICAgZXRoZXJuZXRzOgogICAgICAgICAgZW5zMTYwOgogICAgICAgICAgICBkaGNwNDogZmFsc2UKICAgICAgICAgICAgZGhjcDY6IGZhbHNlCiAgICAgICAgICAgIGFkZHJlc3NlczoKICAgICAgICAgICAgICAtIDE3Mi4xNi4xNi40NC8yNAogICAgICAgICAgICByb3V0ZXM6CiAgICAgICAgICAgICAgLSB0bzogZGVmYXVsdAogICAgICAgICAgICAgICAgdmlhOiAxNzIuMTYuMTYuMQogICAgICAgICAgICBuYW1lc2VydmVyczoKICAgICAgICAgICAgICBhZGRyZXNzZXM6IFs4LjguOC44LCAxLjEuMS4xXQoKcGFja2FnZV91cGRhdGU6IGZhbHNlCgpwYWNrYWdlczoKICAtIG9wZW4tdm0tdG9vbHMKICAtIHB5dGhvbjMKICAtIHB5dGhvbjMtYXB0CgpydW5jbWQ6CiAgLSBzeXN0ZW1jdGwgZW5hYmxlIC0tbm93IG9wZW4tdm0tdG9vbHMKICAtIHJtIC1mIC9ldGMvbmV0cGxhbi81MC1jbG91ZC1pbml0LnlhbWwKICAtIHJtIC1mIC9ldGMvbmV0cGxhbi8wMC1pbnN0YWxsZXItY29uZmlnLnlhbWwKICAtIGNobW9kIDYwMCAvZXRjL25ldHBsYW4vMDEtc3RhdGljLWlwLnlhbWwKICAtIG5ldHBsYW4gZ2VuZXJhdGUKICAtIG5ldHBsYW4gYXBwbHkKICAtIHN5c3RlbWN0bCByZXN0YXJ0IHN5c3RlbWQtbmV0d29ya2QgfHwgdHJ1ZQo=",
              "guestinfo.userdata.encoding": "base64"
            },
            "extra_config_reboot_required": true,
            "firmware": "bios",
            "folder": "",
            "force_power_off": true,
            "guest_id": "ubuntu64Guest",
            "guest_ip_addresses": [],
            "hardware_version": 19,
            "host_system_id": "host-10",
            "hv_mode": "hvAuto",
            "id": "4205656b-4bfb-4522-f277-bcee506caf19",
            "ide_controller_count": 2,
            "ignored_guest_ips": null,
            "imported": null,
            "latency_sensitivity": "normal",
            "memory": 8192,
            "memory_hot_add_enabled": false,
            "memory_limit": -1,
            "memory_reservation": 0,
            "memory_reservation_locked_to_max": false,
            "memory_share_count": 81920,
            "memory_share_level": "normal",
            "migrate_wait_timeout": 30,
            "moid": "vm-6082",
            "name": "omhal-lab-cold",
            "nested_hv_enabled": false,
            "network_interface": [
              {
                "adapter_type": "vmxnet3",
                "bandwidth_limit": -1,
                "bandwidth_reservation": 0,
                "bandwidth_share_count": 50,
                "bandwidth_share_level": "normal",
                "device_address": "pci:0:7",
                "external_port_id": "",
                "key": 4000,
                "mac_address": "00:50:56:85:5b:a9",
                "network_id": "network-30",
                "ovf_mapping": "",
                "physical_function": "",
                "use_static_mac": false
              }
            ],
            "num_cores_per_numa_node": null,
            "num_cores_per_socket": 1,
            "num_cpus": 4,
            "nvme_controller_count": 0,
            "ovf_deploy": [],
            "pci_device_id": null,
            "power_state": "on",
            "poweron_timeout": 300,
            "reboot_required": false,
            "replace_trigger": null,
            "resource_pool_id": "resgroup-9",
            "run_tools_scripts_after_power_on": true,
            "run_tools_scripts_after_resume": true,
            "run_tools_scripts_before_guest_reboot": false,
            "run_tools_scripts_before_guest_shutdown": true,
            "run_tools_scripts_before_guest_standby": true,
            "sata_controller_count": 0,
            "scsi_bus_sharing": "noSharing",
            "scsi_controller_count": 1,
            "scsi_type": "lsilogic",
            "shutdown_wait_timeout": 3,
            "storage_policy_id": "",
            "swap_placement_policy": "inherit",
            "sync_time_with_host": true,
            "sync_time_with_host_periodically": false,
            "tags": null,
            "tools_upgrade_policy": "manual",
            "uuid": "4205656b-4bfb-4522-f277-bcee506caf19",
            "vapp": [],
            "vapp_transport": [],
            "vbs_enabled": false,
            "video_card": [],
            "vmware_tools_status": "guestToolsNotRunning",
            "vmx_path": "omhal-lab-cold/omhal-lab-cold.vmx",
            "vtpm": [],
            "vvtd_enabled": false,
            "wait_for_guest_ip_timeout": 0,
            "wait_for_guest_net_routable": true,
            "wait_for_guest_net_timeout": 0
          },
          "sensitive_attributes": [
            [
              {
                "type": "get_attr",
                "value": "extra_config"
              },
              {
                "type": "index",
                "value": {
                  "value": "guestinfo.userdata",
                  "type": "string"
                }
              }
            ]
          ],
          "private": "eyJzY2hlbWFfdmVyc2lvbiI6IjMifQ==",
          "dependencies": [
            "data.vsphere_datastore.datastore",
            "data.vsphere_host.host",
            "data.vsphere_network.network",
            "data.vsphere_virtual_machine.template"
          ]
        },
        {
          "index_key": "omhal-lab-fleet",
          "schema_version": 3,
          "attributes": {
            "alternate_guest_name": "",
            "annotation": "",
            "boot_delay": 0,
            "boot_retry_delay": 10000,
            "boot_retry_enabled": false,
            "cdrom": [],
            "change_version": "2026-07-03T02:19:22.459886Z",
            "clone": [
              {
                "customization_spec": [],
                "customize": [],
                "linked_clone": false,
                "ovf_network_map": null,
                "ovf_storage_map": null,
                "template_uuid": "42057c6b-4aa3-c58f-c9ba-fe0ffa5a38ab",
                "timeout": 30
              }
            ],
            "cpu_hot_add_enabled": false,
            "cpu_hot_remove_enabled": false,
            "cpu_limit": -1,
            "cpu_performance_counters_enabled": false,
            "cpu_reservation": 0,
            "cpu_share_count": 4000,
            "cpu_share_level": "normal",
            "custom_attributes": null,
            "datacenter_id": null,
            "datastore_cluster_id": null,
            "datastore_id": "datastore-13",
            "default_ip_address": null,
            "disk": [
              {
                "attach": false,
                "controller_type": "scsi",
                "datastore_id": "datastore-13",
                "device_address": "scsi:0:0",
                "disk_mode": "persistent",
                "disk_sharing": "sharingNone",
                "eagerly_scrub": false,
                "io_limit": -1,
                "io_reservation": 0,
                "io_share_count": 1000,
                "io_share_level": "normal",
                "keep_on_remove": false,
                "key": 2000,
                "label": "root-disk",
                "path": "omhal-lab-fleet/omhal-lab-fleet.vmdk",
                "size": 30,
                "storage_policy_id": "",
                "thin_provisioned": false,
                "unit_number": 0,
                "uuid": "6000C293-da1c-818d-bf30-f4afc0b25668",
                "write_through": false
              }
            ],
            "efi_secure_boot_enabled": false,
            "enable_disk_uuid": false,
            "enable_logging": false,
            "ept_rvi_mode": "automatic",
            "evc_mode": null,
            "extra_config": {
              "guestinfo.userdata": "I2Nsb3VkLWNvbmZpZwpob3N0bmFtZTogb21oYWwtbGFiLWZsZWV0CmZxZG46IG9taGFsLWxhYi1mbGVldAptYW5hZ2VfZXRjX2hvc3RzOiB0cnVlCgp1c2VyczoKICAtIG5hbWU6IGVsYXN0aWMKICAgIGdyb3Vwczogc3VkbwogICAgc3VkbzogQUxMPShBTEwpIE5PUEFTU1dEOkFMTAogICAgc2hlbGw6IC9iaW4vYmFzaAogICAgbG9ja19wYXNzd2Q6IGZhbHNlCiAgICBzc2hfYXV0aG9yaXplZF9rZXlzOgogICAgICAtIHNzaC1yc2EgQUFBQUIzTnphQzF5YzJFQUFBQURBUUFCQUFBQmdRRDBWNVN1L0FjS3YyUFNORXFlS1pJd3E0V2ZnVG80MFVLVGVSZ1dqdUswR3FRYkxnN1hhazcvUnRrNXNOMXFmNXN3YmNNWWswSXRqZFBmTGR4dC9kdExEa1dadmNXdzVvZWsrZCtMWHg0NXQyQXJWVzM5VUE4c05nRXdRaE5makdTSFJ6bnY3UWdidWZSWkMrQW5laVR1emhUKzNnSy9uRS8rYXRpTi9GdnVMb3dsRytaYWlkTkNMTStQOElQa3Avb0l5TmtqQXhhZ2haa1Rxc3pBU1A0djQyMzd3M2x0dlZWd3VOT25wZHRNRzQ4TzMvaHA5VDlmYmZlM3YrK2w4b0VuU1NMYS9wMWRZRWs0UjJrdExwTkNRWEcvOEZKZlZ2Q0gvTm14WW1ncVhRcEF1eUFmRDIwUUdMS2RNbFZFSHpOYmhsR3QvbHlmMGVKT09mVUk1SHozcHdvUm5McnFCSjVwYXdLbGZYUVFjbjY5WStRMEpaU2g0MldrWTZtUEtTd25UNVRXcTRwMEpGakhFbUtWMCtsY3FpUi9UcmttMGFZYmlrQkxScDZPRmpxRndBY3ZCOGlObzFqeGxtbTJNdUhyTzlrb3FtZjNwekxIUE5Qa3BNakdneEZiSGM5VkNrcUVjRDNRNnJQVHlQSkdOSUJIQS9tMHQxWkRGY0RnR05NPQoKY2hwYXNzd2Q6CiAgbGlzdDogfAogICAgZWxhc3RpYzpKYWthcnRhMjAyNiEKICBleHBpcmU6IGZhbHNlCgpzc2hfcHdhdXRoOiB0cnVlCmRpc2FibGVfcm9vdDogZmFsc2UKCndyaXRlX2ZpbGVzOgogIC0gcGF0aDogL2V0Yy9zdWRvZXJzLmQvOTktZWxhc3RpYwogICAgb3duZXI6IHJvb3Q6cm9vdAogICAgcGVybWlzc2lvbnM6ICIwNDQwIgogICAgY29udGVudDogfAogICAgICBlbGFzdGljIEFMTD0oQUxMKSBOT1BBU1NXRDpBTEwKCiAgLSBwYXRoOiAvZXRjL2Nsb3VkL2Nsb3VkLmNmZy5kLzk5LWRpc2FibGUtbmV0d29yay1jb25maWcuY2ZnCiAgICBvd25lcjogcm9vdDpyb290CiAgICBwZXJtaXNzaW9uczogIjA2NDQiCiAgICBjb250ZW50OiB8CiAgICAgIG5ldHdvcms6IHtjb25maWc6IGRpc2FibGVkfQoKICAtIHBhdGg6IC9ldGMvbmV0cGxhbi8wMS1zdGF0aWMtaXAueWFtbAogICAgb3duZXI6IHJvb3Q6cm9vdAogICAgcGVybWlzc2lvbnM6ICIwNjAwIgogICAgY29udGVudDogfAogICAgICBuZXR3b3JrOgogICAgICAgIHZlcnNpb246IDIKICAgICAgICByZW5kZXJlcjogbmV0d29ya2QKICAgICAgICBldGhlcm5ldHM6CiAgICAgICAgICBlbnMxNjA6CiAgICAgICAgICAgIGRoY3A0OiBmYWxzZQogICAgICAgICAgICBkaGNwNjogZmFsc2UKICAgICAgICAgICAgYWRkcmVzc2VzOgogICAgICAgICAgICAgIC0gMTcyLjE2LjE2LjQ4LzI0CiAgICAgICAgICAgIHJvdXRlczoKICAgICAgICAgICAgICAtIHRvOiBkZWZhdWx0CiAgICAgICAgICAgICAgICB2aWE6IDE3Mi4xNi4xNi4xCiAgICAgICAgICAgIG5hbWVzZXJ2ZXJzOgogICAgICAgICAgICAgIGFkZHJlc3NlczogWzguOC44LjgsIDEuMS4xLjFdCgpwYWNrYWdlX3VwZGF0ZTogZmFsc2UKCnBhY2thZ2VzOgogIC0gb3Blbi12bS10b29scwogIC0gcHl0aG9uMwogIC0gcHl0aG9uMy1hcHQKCnJ1bmNtZDoKICAtIHN5c3RlbWN0bCBlbmFibGUgLS1ub3cgb3Blbi12bS10b29scwogIC0gcm0gLWYgL2V0Yy9uZXRwbGFuLzUwLWNsb3VkLWluaXQueWFtbAogIC0gcm0gLWYgL2V0Yy9uZXRwbGFuLzAwLWluc3RhbGxlci1jb25maWcueWFtbAogIC0gY2htb2QgNjAwIC9ldGMvbmV0cGxhbi8wMS1zdGF0aWMtaXAueWFtbAogIC0gbmV0cGxhbiBnZW5lcmF0ZQogIC0gbmV0cGxhbiBhcHBseQogIC0gc3lzdGVtY3RsIHJlc3RhcnQgc3lzdGVtZC1uZXR3b3JrZCB8fCB0cnVlCg==",
              "guestinfo.userdata.encoding": "base64"
            },
            "extra_config_reboot_required": true,
            "firmware": "bios",
            "folder": "",
            "force_power_off": true,
            "guest_id": "ubuntu64Guest",
            "guest_ip_addresses": [],
            "hardware_version": 19,
            "host_system_id": "host-10",
            "hv_mode": "hvAuto",
            "id": "420569fb-7f49-6ad6-e66b-f2ff42ac1471",
            "ide_controller_count": 2,
            "ignored_guest_ips": null,
            "imported": null,
            "latency_sensitivity": "normal",
            "memory": 4096,
            "memory_hot_add_enabled": false,
            "memory_limit": -1,
            "memory_reservation": 0,
            "memory_reservation_locked_to_max": false,
            "memory_share_count": 40960,
            "memory_share_level": "normal",
            "migrate_wait_timeout": 30,
            "moid": "vm-6081",
            "name": "omhal-lab-fleet",
            "nested_hv_enabled": false,
            "network_interface": [
              {
                "adapter_type": "vmxnet3",
                "bandwidth_limit": -1,
                "bandwidth_reservation": 0,
                "bandwidth_share_count": 50,
                "bandwidth_share_level": "normal",
                "device_address": "pci:0:7",
                "external_port_id": "",
                "key": 4000,
                "mac_address": "00:50:56:85:16:28",
                "network_id": "network-30",
                "ovf_mapping": "",
                "physical_function": "",
                "use_static_mac": false
              }
            ],
            "num_cores_per_numa_node": null,
            "num_cores_per_socket": 1,
            "num_cpus": 4,
            "nvme_controller_count": 0,
            "ovf_deploy": [],
            "pci_device_id": null,
            "power_state": "on",
            "poweron_timeout": 300,
            "reboot_required": false,
            "replace_trigger": null,
            "resource_pool_id": "resgroup-9",
            "run_tools_scripts_after_power_on": true,
            "run_tools_scripts_after_resume": true,
            "run_tools_scripts_before_guest_reboot": false,
            "run_tools_scripts_before_guest_shutdown": true,
            "run_tools_scripts_before_guest_standby": true,
            "sata_controller_count": 0,
            "scsi_bus_sharing": "noSharing",
            "scsi_controller_count": 1,
            "scsi_type": "lsilogic",
            "shutdown_wait_timeout": 3,
            "storage_policy_id": "",
            "swap_placement_policy": "inherit",
            "sync_time_with_host": true,
            "sync_time_with_host_periodically": false,
            "tags": null,
            "tools_upgrade_policy": "manual",
            "uuid": "420569fb-7f49-6ad6-e66b-f2ff42ac1471",
            "vapp": [],
            "vapp_transport": [],
            "vbs_enabled": false,
            "video_card": [],
            "vmware_tools_status": "guestToolsNotRunning",
            "vmx_path": "omhal-lab-fleet/omhal-lab-fleet.vmx",
            "vtpm": [],
            "vvtd_enabled": false,
            "wait_for_guest_ip_timeout": 0,
            "wait_for_guest_net_routable": true,
            "wait_for_guest_net_timeout": 0
          },
          "sensitive_attributes": [
            [
              {
                "type": "get_attr",
                "value": "extra_config"
              },
              {
                "type": "index",
                "value": {
                  "value": "guestinfo.userdata",
                  "type": "string"
                }
              }
            ]
          ],
          "private": "eyJzY2hlbWFfdmVyc2lvbiI6IjMifQ==",
          "dependencies": [
            "data.vsphere_datastore.datastore",
            "data.vsphere_host.host",
            "data.vsphere_network.network",
            "data.vsphere_virtual_machine.template"
          ]
        },
        {
          "index_key": "omhal-lab-kibana",
          "schema_version": 3,
          "attributes": {
            "alternate_guest_name": "",
            "annotation": "",
            "boot_delay": 0,
            "boot_retry_delay": 10000,
            "boot_retry_enabled": false,
            "cdrom": [],
            "change_version": "2026-07-03T02:19:21.965743Z",
            "clone": [
              {
                "customization_spec": [],
                "customize": [],
                "linked_clone": false,
                "ovf_network_map": null,
                "ovf_storage_map": null,
                "template_uuid": "42057c6b-4aa3-c58f-c9ba-fe0ffa5a38ab",
                "timeout": 30
              }
            ],
            "cpu_hot_add_enabled": false,
            "cpu_hot_remove_enabled": false,
            "cpu_limit": -1,
            "cpu_performance_counters_enabled": false,
            "cpu_reservation": 0,
            "cpu_share_count": 4000,
            "cpu_share_level": "normal",
            "custom_attributes": null,
            "datacenter_id": null,
            "datastore_cluster_id": null,
            "datastore_id": "datastore-13",
            "default_ip_address": null,
            "disk": [
              {
                "attach": false,
                "controller_type": "scsi",
                "datastore_id": "datastore-13",
                "device_address": "scsi:0:0",
                "disk_mode": "persistent",
                "disk_sharing": "sharingNone",
                "eagerly_scrub": false,
                "io_limit": -1,
                "io_reservation": 0,
                "io_share_count": 1000,
                "io_share_level": "normal",
                "keep_on_remove": false,
                "key": 2000,
                "label": "root-disk",
                "path": "omhal-lab-kibana/omhal-lab-kibana.vmdk",
                "size": 30,
                "storage_policy_id": "",
                "thin_provisioned": false,
                "unit_number": 0,
                "uuid": "6000C293-67dd-39e6-9bad-8dc133e143bb",
                "write_through": false
              }
            ],
            "efi_secure_boot_enabled": false,
            "enable_disk_uuid": false,
            "enable_logging": false,
            "ept_rvi_mode": "automatic",
            "evc_mode": null,
            "extra_config": {
              "guestinfo.userdata": "I2Nsb3VkLWNvbmZpZwpob3N0bmFtZTogb21oYWwtbGFiLWtpYmFuYQpmcWRuOiBvbWhhbC1sYWIta2liYW5hCm1hbmFnZV9ldGNfaG9zdHM6IHRydWUKCnVzZXJzOgogIC0gbmFtZTogZWxhc3RpYwogICAgZ3JvdXBzOiBzdWRvCiAgICBzdWRvOiBBTEw9KEFMTCkgTk9QQVNTV0Q6QUxMCiAgICBzaGVsbDogL2Jpbi9iYXNoCiAgICBsb2NrX3Bhc3N3ZDogZmFsc2UKICAgIHNzaF9hdXRob3JpemVkX2tleXM6CiAgICAgIC0gc3NoLXJzYSBBQUFBQjNOemFDMXljMkVBQUFBREFRQUJBQUFCZ1FEMFY1U3UvQWNLdjJQU05FcWVLWkl3cTRXZmdUbzQwVUtUZVJnV2p1SzBHcVFiTGc3WGFrNy9SdGs1c04xcWY1c3diY01ZazBJdGpkUGZMZHh0L2R0TERrV1p2Y1d3NW9laytkK0xYeDQ1dDJBclZXMzlVQThzTmdFd1FoTmZqR1NIUnpudjdRZ2J1ZlJaQytBbmVpVHV6aFQrM2dLL25FLythdGlOL0Z2dUxvd2xHK1phaWROQ0xNK1A4SVBrcC9vSXlOa2pBeGFnaFprVHFzekFTUDR2NDIzN3czbHR2VlZ3dU5PbnBkdE1HNDhPMy9ocDlUOWZiZmUzdisrbDhvRW5TU0xhL3AxZFlFazRSMmt0THBOQ1FYRy84RkpmVnZDSC9ObXhZbWdxWFFwQXV5QWZEMjBRR0xLZE1sVkVIek5iaGxHdC9seWYwZUpPT2ZVSTVIejNwd29SbkxycUJKNXBhd0tsZlhRUWNuNjlZK1EwSlpTaDQyV2tZNm1QS1N3blQ1VFdxNHAwSkZqSEVtS1YwK2xjcWlSL1Rya20wYVliaWtCTFJwNk9GanFGd0FjdkI4aU5vMWp4bG1tMk11SHJPOWtvcW1mM3B6TEhQTlBrcE1qR2d4RmJIYzlWQ2txRWNEM1E2clBUeVBKR05JQkhBL20wdDFaREZjRGdHTk09CgpjaHBhc3N3ZDoKICBsaXN0OiB8CiAgICBlbGFzdGljOkpha2FydGEyMDI2IQogIGV4cGlyZTogZmFsc2UKCnNzaF9wd2F1dGg6IHRydWUKZGlzYWJsZV9yb290OiBmYWxzZQoKd3JpdGVfZmlsZXM6CiAgLSBwYXRoOiAvZXRjL3N1ZG9lcnMuZC85OS1lbGFzdGljCiAgICBvd25lcjogcm9vdDpyb290CiAgICBwZXJtaXNzaW9uczogIjA0NDAiCiAgICBjb250ZW50OiB8CiAgICAgIGVsYXN0aWMgQUxMPShBTEwpIE5PUEFTU1dEOkFMTAoKICAtIHBhdGg6IC9ldGMvY2xvdWQvY2xvdWQuY2ZnLmQvOTktZGlzYWJsZS1uZXR3b3JrLWNvbmZpZy5jZmcKICAgIG93bmVyOiByb290OnJvb3QKICAgIHBlcm1pc3Npb25zOiAiMDY0NCIKICAgIGNvbnRlbnQ6IHwKICAgICAgbmV0d29yazoge2NvbmZpZzogZGlzYWJsZWR9CgogIC0gcGF0aDogL2V0Yy9uZXRwbGFuLzAxLXN0YXRpYy1pcC55YW1sCiAgICBvd25lcjogcm9vdDpyb290CiAgICBwZXJtaXNzaW9uczogIjA2MDAiCiAgICBjb250ZW50OiB8CiAgICAgIG5ldHdvcms6CiAgICAgICAgdmVyc2lvbjogMgogICAgICAgIHJlbmRlcmVyOiBuZXR3b3JrZAogICAgICAgIGV0aGVybmV0czoKICAgICAgICAgIGVuczE2MDoKICAgICAgICAgICAgZGhjcDQ6IGZhbHNlCiAgICAgICAgICAgIGRoY3A2OiBmYWxzZQogICAgICAgICAgICBhZGRyZXNzZXM6CiAgICAgICAgICAgICAgLSAxNzIuMTYuMTYuNDkvMjQKICAgICAgICAgICAgcm91dGVzOgogICAgICAgICAgICAgIC0gdG86IGRlZmF1bHQKICAgICAgICAgICAgICAgIHZpYTogMTcyLjE2LjE2LjEKICAgICAgICAgICAgbmFtZXNlcnZlcnM6CiAgICAgICAgICAgICAgYWRkcmVzc2VzOiBbOC44LjguOCwgMS4xLjEuMV0KCnBhY2thZ2VfdXBkYXRlOiBmYWxzZQoKcGFja2FnZXM6CiAgLSBvcGVuLXZtLXRvb2xzCiAgLSBweXRob24zCiAgLSBweXRob24zLWFwdAoKcnVuY21kOgogIC0gc3lzdGVtY3RsIGVuYWJsZSAtLW5vdyBvcGVuLXZtLXRvb2xzCiAgLSBybSAtZiAvZXRjL25ldHBsYW4vNTAtY2xvdWQtaW5pdC55YW1sCiAgLSBybSAtZiAvZXRjL25ldHBsYW4vMDAtaW5zdGFsbGVyLWNvbmZpZy55YW1sCiAgLSBjaG1vZCA2MDAgL2V0Yy9uZXRwbGFuLzAxLXN0YXRpYy1pcC55YW1sCiAgLSBuZXRwbGFuIGdlbmVyYXRlCiAgLSBuZXRwbGFuIGFwcGx5CiAgLSBzeXN0ZW1jdGwgcmVzdGFydCBzeXN0ZW1kLW5ldHdvcmtkIHx8IHRydWUK",
              "guestinfo.userdata.encoding": "base64"
            },
            "extra_config_reboot_required": true,
            "firmware": "bios",
            "folder": "",
            "force_power_off": true,
            "guest_id": "ubuntu64Guest",
            "guest_ip_addresses": [],
            "hardware_version": 19,
            "host_system_id": "host-10",
            "hv_mode": "hvAuto",
            "id": "42057416-c459-611b-0077-4a1bc841140b",
            "ide_controller_count": 2,
            "ignored_guest_ips": null,
            "imported": null,
            "latency_sensitivity": "normal",
            "memory": 8192,
            "memory_hot_add_enabled": false,
            "memory_limit": -1,
            "memory_reservation": 0,
            "memory_reservation_locked_to_max": false,
            "memory_share_count": 81920,
            "memory_share_level": "normal",
            "migrate_wait_timeout": 30,
            "moid": "vm-6083",
            "name": "omhal-lab-kibana",
            "nested_hv_enabled": false,
            "network_interface": [
              {
                "adapter_type": "vmxnet3",
                "bandwidth_limit": -1,
                "bandwidth_reservation": 0,
                "bandwidth_share_count": 50,
                "bandwidth_share_level": "normal",
                "device_address": "pci:0:7",
                "external_port_id": "",
                "key": 4000,
                "mac_address": "00:50:56:85:a2:3b",
                "network_id": "network-30",
                "ovf_mapping": "",
                "physical_function": "",
                "use_static_mac": false
              }
            ],
            "num_cores_per_numa_node": null,
            "num_cores_per_socket": 1,
            "num_cpus": 4,
            "nvme_controller_count": 0,
            "ovf_deploy": [],
            "pci_device_id": null,
            "power_state": "on",
            "poweron_timeout": 300,
            "reboot_required": false,
            "replace_trigger": null,
            "resource_pool_id": "resgroup-9",
            "run_tools_scripts_after_power_on": true,
            "run_tools_scripts_after_resume": true,
            "run_tools_scripts_before_guest_reboot": false,
            "run_tools_scripts_before_guest_shutdown": true,
            "run_tools_scripts_before_guest_standby": true,
            "sata_controller_count": 0,
            "scsi_bus_sharing": "noSharing",
            "scsi_controller_count": 1,
            "scsi_type": "lsilogic",
            "shutdown_wait_timeout": 3,
            "storage_policy_id": "",
            "swap_placement_policy": "inherit",
            "sync_time_with_host": true,
            "sync_time_with_host_periodically": false,
            "tags": null,
            "tools_upgrade_policy": "manual",
            "uuid": "42057416-c459-611b-0077-4a1bc841140b",
            "vapp": [],
            "vapp_transport": [],
            "vbs_enabled": false,
            "video_card": [],
            "vmware_tools_status": "guestToolsNotRunning",
            "vmx_path": "omhal-lab-kibana/omhal-lab-kibana.vmx",
            "vtpm": [],
            "vvtd_enabled": false,
            "wait_for_guest_ip_timeout": 0,
            "wait_for_guest_net_routable": true,
            "wait_for_guest_net_timeout": 0
          },
          "sensitive_attributes": [
            [
              {
                "type": "get_attr",
                "value": "extra_config"
              },
              {
                "type": "index",
                "value": {
                  "value": "guestinfo.userdata",
                  "type": "string"
                }
              }
            ]
          ],
          "private": "eyJzY2hlbWFfdmVyc2lvbiI6IjMifQ==",
          "dependencies": [
            "data.vsphere_datastore.datastore",
            "data.vsphere_host.host",
            "data.vsphere_network.network",
            "data.vsphere_virtual_machine.template"
          ]
        },
        {
          "index_key": "omhal-lab-ml",
          "schema_version": 3,
          "attributes": {
            "alternate_guest_name": "",
            "annotation": "",
            "boot_delay": 0,
            "boot_retry_delay": 10000,
            "boot_retry_enabled": false,
            "cdrom": [],
            "change_version": "2026-07-03T02:19:22.233125Z",
            "clone": [
              {
                "customization_spec": [],
                "customize": [],
                "linked_clone": false,
                "ovf_network_map": null,
                "ovf_storage_map": null,
                "template_uuid": "42057c6b-4aa3-c58f-c9ba-fe0ffa5a38ab",
                "timeout": 30
              }
            ],
            "cpu_hot_add_enabled": false,
            "cpu_hot_remove_enabled": false,
            "cpu_limit": -1,
            "cpu_performance_counters_enabled": false,
            "cpu_reservation": 0,
            "cpu_share_count": 4000,
            "cpu_share_level": "normal",
            "custom_attributes": null,
            "datacenter_id": null,
            "datastore_cluster_id": null,
            "datastore_id": "datastore-13",
            "default_ip_address": null,
            "disk": [
              {
                "attach": false,
                "controller_type": "scsi",
                "datastore_id": "datastore-13",
                "device_address": "scsi:0:0",
                "disk_mode": "persistent",
                "disk_sharing": "sharingNone",
                "eagerly_scrub": false,
                "io_limit": -1,
                "io_reservation": 0,
                "io_share_count": 1000,
                "io_share_level": "normal",
                "keep_on_remove": false,
                "key": 2000,
                "label": "root-disk",
                "path": "omhal-lab-ml/omhal-lab-ml.vmdk",
                "size": 50,
                "storage_policy_id": "",
                "thin_provisioned": false,
                "unit_number": 0,
                "uuid": "6000C292-5962-67e4-83f4-fa2cb963d720",
                "write_through": false
              }
            ],
            "efi_secure_boot_enabled": false,
            "enable_disk_uuid": false,
            "enable_logging": false,
            "ept_rvi_mode": "automatic",
            "evc_mode": null,
            "extra_config": {
              "guestinfo.userdata": "I2Nsb3VkLWNvbmZpZwpob3N0bmFtZTogb21oYWwtbGFiLW1sCmZxZG46IG9taGFsLWxhYi1tbAptYW5hZ2VfZXRjX2hvc3RzOiB0cnVlCgp1c2VyczoKICAtIG5hbWU6IGVsYXN0aWMKICAgIGdyb3Vwczogc3VkbwogICAgc3VkbzogQUxMPShBTEwpIE5PUEFTU1dEOkFMTAogICAgc2hlbGw6IC9iaW4vYmFzaAogICAgbG9ja19wYXNzd2Q6IGZhbHNlCiAgICBzc2hfYXV0aG9yaXplZF9rZXlzOgogICAgICAtIHNzaC1yc2EgQUFBQUIzTnphQzF5YzJFQUFBQURBUUFCQUFBQmdRRDBWNVN1L0FjS3YyUFNORXFlS1pJd3E0V2ZnVG80MFVLVGVSZ1dqdUswR3FRYkxnN1hhazcvUnRrNXNOMXFmNXN3YmNNWWswSXRqZFBmTGR4dC9kdExEa1dadmNXdzVvZWsrZCtMWHg0NXQyQXJWVzM5VUE4c05nRXdRaE5makdTSFJ6bnY3UWdidWZSWkMrQW5laVR1emhUKzNnSy9uRS8rYXRpTi9GdnVMb3dsRytaYWlkTkNMTStQOElQa3Avb0l5TmtqQXhhZ2haa1Rxc3pBU1A0djQyMzd3M2x0dlZWd3VOT25wZHRNRzQ4TzMvaHA5VDlmYmZlM3YrK2w4b0VuU1NMYS9wMWRZRWs0UjJrdExwTkNRWEcvOEZKZlZ2Q0gvTm14WW1ncVhRcEF1eUFmRDIwUUdMS2RNbFZFSHpOYmhsR3QvbHlmMGVKT09mVUk1SHozcHdvUm5McnFCSjVwYXdLbGZYUVFjbjY5WStRMEpaU2g0MldrWTZtUEtTd25UNVRXcTRwMEpGakhFbUtWMCtsY3FpUi9UcmttMGFZYmlrQkxScDZPRmpxRndBY3ZCOGlObzFqeGxtbTJNdUhyTzlrb3FtZjNwekxIUE5Qa3BNakdneEZiSGM5VkNrcUVjRDNRNnJQVHlQSkdOSUJIQS9tMHQxWkRGY0RnR05NPQoKY2hwYXNzd2Q6CiAgbGlzdDogfAogICAgZWxhc3RpYzpKYWthcnRhMjAyNiEKICBleHBpcmU6IGZhbHNlCgpzc2hfcHdhdXRoOiB0cnVlCmRpc2FibGVfcm9vdDogZmFsc2UKCndyaXRlX2ZpbGVzOgogIC0gcGF0aDogL2V0Yy9zdWRvZXJzLmQvOTktZWxhc3RpYwogICAgb3duZXI6IHJvb3Q6cm9vdAogICAgcGVybWlzc2lvbnM6ICIwNDQwIgogICAgY29udGVudDogfAogICAgICBlbGFzdGljIEFMTD0oQUxMKSBOT1BBU1NXRDpBTEwKCiAgLSBwYXRoOiAvZXRjL2Nsb3VkL2Nsb3VkLmNmZy5kLzk5LWRpc2FibGUtbmV0d29yay1jb25maWcuY2ZnCiAgICBvd25lcjogcm9vdDpyb290CiAgICBwZXJtaXNzaW9uczogIjA2NDQiCiAgICBjb250ZW50OiB8CiAgICAgIG5ldHdvcms6IHtjb25maWc6IGRpc2FibGVkfQoKICAtIHBhdGg6IC9ldGMvbmV0cGxhbi8wMS1zdGF0aWMtaXAueWFtbAogICAgb3duZXI6IHJvb3Q6cm9vdAogICAgcGVybWlzc2lvbnM6ICIwNjAwIgogICAgY29udGVudDogfAogICAgICBuZXR3b3JrOgogICAgICAgIHZlcnNpb246IDIKICAgICAgICByZW5kZXJlcjogbmV0d29ya2QKICAgICAgICBldGhlcm5ldHM6CiAgICAgICAgICBlbnMxNjA6CiAgICAgICAgICAgIGRoY3A0OiBmYWxzZQogICAgICAgICAgICBkaGNwNjogZmFsc2UKICAgICAgICAgICAgYWRkcmVzc2VzOgogICAgICAgICAgICAgIC0gMTcyLjE2LjE2LjQ3LzI0CiAgICAgICAgICAgIHJvdXRlczoKICAgICAgICAgICAgICAtIHRvOiBkZWZhdWx0CiAgICAgICAgICAgICAgICB2aWE6IDE3Mi4xNi4xNi4xCiAgICAgICAgICAgIG5hbWVzZXJ2ZXJzOgogICAgICAgICAgICAgIGFkZHJlc3NlczogWzguOC44LjgsIDEuMS4xLjFdCgpwYWNrYWdlX3VwZGF0ZTogZmFsc2UKCnBhY2thZ2VzOgogIC0gb3Blbi12bS10b29scwogIC0gcHl0aG9uMwogIC0gcHl0aG9uMy1hcHQKCnJ1bmNtZDoKICAtIHN5c3RlbWN0bCBlbmFibGUgLS1ub3cgb3Blbi12bS10b29scwogIC0gcm0gLWYgL2V0Yy9uZXRwbGFuLzUwLWNsb3VkLWluaXQueWFtbAogIC0gcm0gLWYgL2V0Yy9uZXRwbGFuLzAwLWluc3RhbGxlci1jb25maWcueWFtbAogIC0gY2htb2QgNjAwIC9ldGMvbmV0cGxhbi8wMS1zdGF0aWMtaXAueWFtbAogIC0gbmV0cGxhbiBnZW5lcmF0ZQogIC0gbmV0cGxhbiBhcHBseQogIC0gc3lzdGVtY3RsIHJlc3RhcnQgc3lzdGVtZC1uZXR3b3JrZCB8fCB0cnVlCg==",
              "guestinfo.userdata.encoding": "base64"
            },
            "extra_config_reboot_required": true,
            "firmware": "bios",
            "folder": "",
            "force_power_off": true,
            "guest_id": "ubuntu64Guest",
            "guest_ip_addresses": [],
            "hardware_version": 19,
            "host_system_id": "host-10",
            "hv_mode": "hvAuto",
            "id": "42051778-00e9-629c-51de-dff24b1728a3",
            "ide_controller_count": 2,
            "ignored_guest_ips": null,
            "imported": null,
            "latency_sensitivity": "normal",
            "memory": 8192,
            "memory_hot_add_enabled": false,
            "memory_limit": -1,
            "memory_reservation": 0,
            "memory_reservation_locked_to_max": false,
            "memory_share_count": 81920,
            "memory_share_level": "normal",
            "migrate_wait_timeout": 30,
            "moid": "vm-6084",
            "name": "omhal-lab-ml",
            "nested_hv_enabled": false,
            "network_interface": [
              {
                "adapter_type": "vmxnet3",
                "bandwidth_limit": -1,
                "bandwidth_reservation": 0,
                "bandwidth_share_count": 50,
                "bandwidth_share_level": "normal",
                "device_address": "pci:0:7",
                "external_port_id": "",
                "key": 4000,
                "mac_address": "00:50:56:85:c2:7a",
                "network_id": "network-30",
                "ovf_mapping": "",
                "physical_function": "",
                "use_static_mac": false
              }
            ],
            "num_cores_per_numa_node": null,
            "num_cores_per_socket": 1,
            "num_cpus": 4,
            "nvme_controller_count": 0,
            "ovf_deploy": [],
            "pci_device_id": null,
            "power_state": "on",
            "poweron_timeout": 300,
            "reboot_required": false,
            "replace_trigger": null,
            "resource_pool_id": "resgroup-9",
            "run_tools_scripts_after_power_on": true,
            "run_tools_scripts_after_resume": true,
            "run_tools_scripts_before_guest_reboot": false,
            "run_tools_scripts_before_guest_shutdown": true,
            "run_tools_scripts_before_guest_standby": true,
            "sata_controller_count": 0,
            "scsi_bus_sharing": "noSharing",
            "scsi_controller_count": 1,
            "scsi_type": "lsilogic",
            "shutdown_wait_timeout": 3,
            "storage_policy_id": "",
            "swap_placement_policy": "inherit",
            "sync_time_with_host": true,
            "sync_time_with_host_periodically": false,
            "tags": null,
            "tools_upgrade_policy": "manual",
            "uuid": "42051778-00e9-629c-51de-dff24b1728a3",
            "vapp": [],
            "vapp_transport": [],
            "vbs_enabled": false,
            "video_card": [],
            "vmware_tools_status": "guestToolsNotRunning",
            "vmx_path": "omhal-lab-ml/omhal-lab-ml.vmx",
            "vtpm": [],
            "vvtd_enabled": false,
            "wait_for_guest_ip_timeout": 0,
            "wait_for_guest_net_routable": true,
            "wait_for_guest_net_timeout": 0
          },
          "sensitive_attributes": [
            [
              {
                "type": "get_attr",
                "value": "extra_config"
              },
              {
                "type": "index",
                "value": {
                  "value": "guestinfo.userdata",
                  "type": "string"
                }
              }
            ]
          ],
          "private": "eyJzY2hlbWFfdmVyc2lvbiI6IjMifQ==",
          "dependencies": [
            "data.vsphere_datastore.datastore",
            "data.vsphere_host.host",
            "data.vsphere_network.network",
            "data.vsphere_virtual_machine.template"
          ]
        },
        {
          "index_key": "omhal-lab-node1",
          "schema_version": 3,
          "attributes": {
            "alternate_guest_name": "",
            "annotation": "",
            "boot_delay": 0,
            "boot_retry_delay": 10000,
            "boot_retry_enabled": false,
            "cdrom": [],
            "change_version": "2026-07-03T02:19:22.482081Z",
            "clone": [
              {
                "customization_spec": [],
                "customize": [],
                "linked_clone": false,
                "ovf_network_map": null,
                "ovf_storage_map": null,
                "template_uuid": "42057c6b-4aa3-c58f-c9ba-fe0ffa5a38ab",
                "timeout": 30
              }
            ],
            "cpu_hot_add_enabled": false,
            "cpu_hot_remove_enabled": false,
            "cpu_limit": -1,
            "cpu_performance_counters_enabled": false,
            "cpu_reservation": 0,
            "cpu_share_count": 4000,
            "cpu_share_level": "normal",
            "custom_attributes": null,
            "datacenter_id": null,
            "datastore_cluster_id": null,
            "datastore_id": "datastore-13",
            "default_ip_address": null,
            "disk": [
              {
                "attach": false,
                "controller_type": "scsi",
                "datastore_id": "datastore-13",
                "device_address": "scsi:0:0",
                "disk_mode": "persistent",
                "disk_sharing": "sharingNone",
                "eagerly_scrub": false,
                "io_limit": -1,
                "io_reservation": 0,
                "io_share_count": 1000,
                "io_share_level": "normal",
                "keep_on_remove": false,
                "key": 2000,
                "label": "root-disk",
                "path": "omhal-lab-node1/omhal-lab-node1.vmdk",
                "size": 50,
                "storage_policy_id": "",
                "thin_provisioned": false,
                "unit_number": 0,
                "uuid": "6000C299-d38e-7305-d960-a360e3ef3442",
                "write_through": false
              }
            ],
            "efi_secure_boot_enabled": false,
            "enable_disk_uuid": false,
            "enable_logging": false,
            "ept_rvi_mode": "automatic",
            "evc_mode": null,
            "extra_config": {
              "guestinfo.userdata": "I2Nsb3VkLWNvbmZpZwpob3N0bmFtZTogb21oYWwtbGFiLW5vZGUxCmZxZG46IG9taGFsLWxhYi1ub2RlMQptYW5hZ2VfZXRjX2hvc3RzOiB0cnVlCgp1c2VyczoKICAtIG5hbWU6IGVsYXN0aWMKICAgIGdyb3Vwczogc3VkbwogICAgc3VkbzogQUxMPShBTEwpIE5PUEFTU1dEOkFMTAogICAgc2hlbGw6IC9iaW4vYmFzaAogICAgbG9ja19wYXNzd2Q6IGZhbHNlCiAgICBzc2hfYXV0aG9yaXplZF9rZXlzOgogICAgICAtIHNzaC1yc2EgQUFBQUIzTnphQzF5YzJFQUFBQURBUUFCQUFBQmdRRDBWNVN1L0FjS3YyUFNORXFlS1pJd3E0V2ZnVG80MFVLVGVSZ1dqdUswR3FRYkxnN1hhazcvUnRrNXNOMXFmNXN3YmNNWWswSXRqZFBmTGR4dC9kdExEa1dadmNXdzVvZWsrZCtMWHg0NXQyQXJWVzM5VUE4c05nRXdRaE5makdTSFJ6bnY3UWdidWZSWkMrQW5laVR1emhUKzNnSy9uRS8rYXRpTi9GdnVMb3dsRytaYWlkTkNMTStQOElQa3Avb0l5TmtqQXhhZ2haa1Rxc3pBU1A0djQyMzd3M2x0dlZWd3VOT25wZHRNRzQ4TzMvaHA5VDlmYmZlM3YrK2w4b0VuU1NMYS9wMWRZRWs0UjJrdExwTkNRWEcvOEZKZlZ2Q0gvTm14WW1ncVhRcEF1eUFmRDIwUUdMS2RNbFZFSHpOYmhsR3QvbHlmMGVKT09mVUk1SHozcHdvUm5McnFCSjVwYXdLbGZYUVFjbjY5WStRMEpaU2g0MldrWTZtUEtTd25UNVRXcTRwMEpGakhFbUtWMCtsY3FpUi9UcmttMGFZYmlrQkxScDZPRmpxRndBY3ZCOGlObzFqeGxtbTJNdUhyTzlrb3FtZjNwekxIUE5Qa3BNakdneEZiSGM5VkNrcUVjRDNRNnJQVHlQSkdOSUJIQS9tMHQxWkRGY0RnR05NPQoKY2hwYXNzd2Q6CiAgbGlzdDogfAogICAgZWxhc3RpYzpKYWthcnRhMjAyNiEKICBleHBpcmU6IGZhbHNlCgpzc2hfcHdhdXRoOiB0cnVlCmRpc2FibGVfcm9vdDogZmFsc2UKCndyaXRlX2ZpbGVzOgogIC0gcGF0aDogL2V0Yy9zdWRvZXJzLmQvOTktZWxhc3RpYwogICAgb3duZXI6IHJvb3Q6cm9vdAogICAgcGVybWlzc2lvbnM6ICIwNDQwIgogICAgY29udGVudDogfAogICAgICBlbGFzdGljIEFMTD0oQUxMKSBOT1BBU1NXRDpBTEwKCiAgLSBwYXRoOiAvZXRjL2Nsb3VkL2Nsb3VkLmNmZy5kLzk5LWRpc2FibGUtbmV0d29yay1jb25maWcuY2ZnCiAgICBvd25lcjogcm9vdDpyb290CiAgICBwZXJtaXNzaW9uczogIjA2NDQiCiAgICBjb250ZW50OiB8CiAgICAgIG5ldHdvcms6IHtjb25maWc6IGRpc2FibGVkfQoKICAtIHBhdGg6IC9ldGMvbmV0cGxhbi8wMS1zdGF0aWMtaXAueWFtbAogICAgb3duZXI6IHJvb3Q6cm9vdAogICAgcGVybWlzc2lvbnM6ICIwNjAwIgogICAgY29udGVudDogfAogICAgICBuZXR3b3JrOgogICAgICAgIHZlcnNpb246IDIKICAgICAgICByZW5kZXJlcjogbmV0d29ya2QKICAgICAgICBldGhlcm5ldHM6CiAgICAgICAgICBlbnMxNjA6CiAgICAgICAgICAgIGRoY3A0OiBmYWxzZQogICAgICAgICAgICBkaGNwNjogZmFsc2UKICAgICAgICAgICAgYWRkcmVzc2VzOgogICAgICAgICAgICAgIC0gMTcyLjE2LjE2LjQwLzI0CiAgICAgICAgICAgIHJvdXRlczoKICAgICAgICAgICAgICAtIHRvOiBkZWZhdWx0CiAgICAgICAgICAgICAgICB2aWE6IDE3Mi4xNi4xNi4xCiAgICAgICAgICAgIG5hbWVzZXJ2ZXJzOgogICAgICAgICAgICAgIGFkZHJlc3NlczogWzguOC44LjgsIDEuMS4xLjFdCgpwYWNrYWdlX3VwZGF0ZTogZmFsc2UKCnBhY2thZ2VzOgogIC0gb3Blbi12bS10b29scwogIC0gcHl0aG9uMwogIC0gcHl0aG9uMy1hcHQKCnJ1bmNtZDoKICAtIHN5c3RlbWN0bCBlbmFibGUgLS1ub3cgb3Blbi12bS10b29scwogIC0gcm0gLWYgL2V0Yy9uZXRwbGFuLzUwLWNsb3VkLWluaXQueWFtbAogIC0gcm0gLWYgL2V0Yy9uZXRwbGFuLzAwLWluc3RhbGxlci1jb25maWcueWFtbAogIC0gY2htb2QgNjAwIC9ldGMvbmV0cGxhbi8wMS1zdGF0aWMtaXAueWFtbAogIC0gbmV0cGxhbiBnZW5lcmF0ZQogIC0gbmV0cGxhbiBhcHBseQogIC0gc3lzdGVtY3RsIHJlc3RhcnQgc3lzdGVtZC1uZXR3b3JrZCB8fCB0cnVlCg==",
              "guestinfo.userdata.encoding": "base64"
            },
            "extra_config_reboot_required": true,
            "firmware": "bios",
            "folder": "",
            "force_power_off": true,
            "guest_id": "ubuntu64Guest",
            "guest_ip_addresses": [],
            "hardware_version": 19,
            "host_system_id": "host-10",
            "hv_mode": "hvAuto",
            "id": "42051c75-725b-b499-cbca-fa714a175835",
            "ide_controller_count": 2,
            "ignored_guest_ips": null,
            "imported": null,
            "latency_sensitivity": "normal",
            "memory": 8192,
            "memory_hot_add_enabled": false,
            "memory_limit": -1,
            "memory_reservation": 0,
            "memory_reservation_locked_to_max": false,
            "memory_share_count": 81920,
            "memory_share_level": "normal",
            "migrate_wait_timeout": 30,
            "moid": "vm-6079",
            "name": "omhal-lab-node1",
            "nested_hv_enabled": false,
            "network_interface": [
              {
                "adapter_type": "vmxnet3",
                "bandwidth_limit": -1,
                "bandwidth_reservation": 0,
                "bandwidth_share_count": 50,
                "bandwidth_share_level": "normal",
                "device_address": "pci:0:7",
                "external_port_id": "",
                "key": 4000,
                "mac_address": "00:50:56:85:ee:b9",
                "network_id": "network-30",
                "ovf_mapping": "",
                "physical_function": "",
                "use_static_mac": false
              }
            ],
            "num_cores_per_numa_node": null,
            "num_cores_per_socket": 1,
            "num_cpus": 4,
            "nvme_controller_count": 0,
            "ovf_deploy": [],
            "pci_device_id": null,
            "power_state": "on",
            "poweron_timeout": 300,
            "reboot_required": false,
            "replace_trigger": null,
            "resource_pool_id": "resgroup-9",
            "run_tools_scripts_after_power_on": true,
            "run_tools_scripts_after_resume": true,
            "run_tools_scripts_before_guest_reboot": false,
            "run_tools_scripts_before_guest_shutdown": true,
            "run_tools_scripts_before_guest_standby": true,
            "sata_controller_count": 0,
            "scsi_bus_sharing": "noSharing",
            "scsi_controller_count": 1,
            "scsi_type": "lsilogic",
            "shutdown_wait_timeout": 3,
            "storage_policy_id": "",
            "swap_placement_policy": "inherit",
            "sync_time_with_host": true,
            "sync_time_with_host_periodically": false,
            "tags": null,
            "tools_upgrade_policy": "manual",
            "uuid": "42051c75-725b-b499-cbca-fa714a175835",
            "vapp": [],
            "vapp_transport": [],
            "vbs_enabled": false,
            "video_card": [],
            "vmware_tools_status": "guestToolsNotRunning",
            "vmx_path": "omhal-lab-node1/omhal-lab-node1.vmx",
            "vtpm": [],
            "vvtd_enabled": false,
            "wait_for_guest_ip_timeout": 0,
            "wait_for_guest_net_routable": true,
            "wait_for_guest_net_timeout": 0
          },
          "sensitive_attributes": [
            [
              {
                "type": "get_attr",
                "value": "extra_config"
              },
              {
                "type": "index",
                "value": {
                  "value": "guestinfo.userdata",
                  "type": "string"
                }
              }
            ]
          ],
          "private": "eyJzY2hlbWFfdmVyc2lvbiI6IjMifQ==",
          "dependencies": [
            "data.vsphere_datastore.datastore",
            "data.vsphere_host.host",
            "data.vsphere_network.network",
            "data.vsphere_virtual_machine.template"
          ]
        },
        {
          "index_key": "omhal-lab-node2",
          "schema_version": 3,
          "attributes": {
            "alternate_guest_name": "",
            "annotation": "",
            "boot_delay": 0,
            "boot_retry_delay": 10000,
            "boot_retry_enabled": false,
            "cdrom": [],
            "change_version": "2026-07-03T02:19:21.990367Z",
            "clone": [
              {
                "customization_spec": [],
                "customize": [],
                "linked_clone": false,
                "ovf_network_map": null,
                "ovf_storage_map": null,
                "template_uuid": "42057c6b-4aa3-c58f-c9ba-fe0ffa5a38ab",
                "timeout": 30
              }
            ],
            "cpu_hot_add_enabled": false,
            "cpu_hot_remove_enabled": false,
            "cpu_limit": -1,
            "cpu_performance_counters_enabled": false,
            "cpu_reservation": 0,
            "cpu_share_count": 4000,
            "cpu_share_level": "normal",
            "custom_attributes": null,
            "datacenter_id": null,
            "datastore_cluster_id": null,
            "datastore_id": "datastore-13",
            "default_ip_address": null,
            "disk": [
              {
                "attach": false,
                "controller_type": "scsi",
                "datastore_id": "datastore-13",
                "device_address": "scsi:0:0",
                "disk_mode": "persistent",
                "disk_sharing": "sharingNone",
                "eagerly_scrub": false,
                "io_limit": -1,
                "io_reservation": 0,
                "io_share_count": 1000,
                "io_share_level": "normal",
                "keep_on_remove": false,
                "key": 2000,
                "label": "root-disk",
                "path": "omhal-lab-node2/omhal-lab-node2.vmdk",
                "size": 50,
                "storage_policy_id": "",
                "thin_provisioned": false,
                "unit_number": 0,
                "uuid": "6000C296-adbb-980e-c176-6a6ca527c386",
                "write_through": false
              }
            ],
            "efi_secure_boot_enabled": false,
            "enable_disk_uuid": false,
            "enable_logging": false,
            "ept_rvi_mode": "automatic",
            "evc_mode": null,
            "extra_config": {
              "guestinfo.userdata": "I2Nsb3VkLWNvbmZpZwpob3N0bmFtZTogb21oYWwtbGFiLW5vZGUyCmZxZG46IG9taGFsLWxhYi1ub2RlMgptYW5hZ2VfZXRjX2hvc3RzOiB0cnVlCgp1c2VyczoKICAtIG5hbWU6IGVsYXN0aWMKICAgIGdyb3Vwczogc3VkbwogICAgc3VkbzogQUxMPShBTEwpIE5PUEFTU1dEOkFMTAogICAgc2hlbGw6IC9iaW4vYmFzaAogICAgbG9ja19wYXNzd2Q6IGZhbHNlCiAgICBzc2hfYXV0aG9yaXplZF9rZXlzOgogICAgICAtIHNzaC1yc2EgQUFBQUIzTnphQzF5YzJFQUFBQURBUUFCQUFBQmdRRDBWNVN1L0FjS3YyUFNORXFlS1pJd3E0V2ZnVG80MFVLVGVSZ1dqdUswR3FRYkxnN1hhazcvUnRrNXNOMXFmNXN3YmNNWWswSXRqZFBmTGR4dC9kdExEa1dadmNXdzVvZWsrZCtMWHg0NXQyQXJWVzM5VUE4c05nRXdRaE5makdTSFJ6bnY3UWdidWZSWkMrQW5laVR1emhUKzNnSy9uRS8rYXRpTi9GdnVMb3dsRytaYWlkTkNMTStQOElQa3Avb0l5TmtqQXhhZ2haa1Rxc3pBU1A0djQyMzd3M2x0dlZWd3VOT25wZHRNRzQ4TzMvaHA5VDlmYmZlM3YrK2w4b0VuU1NMYS9wMWRZRWs0UjJrdExwTkNRWEcvOEZKZlZ2Q0gvTm14WW1ncVhRcEF1eUFmRDIwUUdMS2RNbFZFSHpOYmhsR3QvbHlmMGVKT09mVUk1SHozcHdvUm5McnFCSjVwYXdLbGZYUVFjbjY5WStRMEpaU2g0MldrWTZtUEtTd25UNVRXcTRwMEpGakhFbUtWMCtsY3FpUi9UcmttMGFZYmlrQkxScDZPRmpxRndBY3ZCOGlObzFqeGxtbTJNdUhyTzlrb3FtZjNwekxIUE5Qa3BNakdneEZiSGM5VkNrcUVjRDNRNnJQVHlQSkdOSUJIQS9tMHQxWkRGY0RnR05NPQoKY2hwYXNzd2Q6CiAgbGlzdDogfAogICAgZWxhc3RpYzpKYWthcnRhMjAyNiEKICBleHBpcmU6IGZhbHNlCgpzc2hfcHdhdXRoOiB0cnVlCmRpc2FibGVfcm9vdDogZmFsc2UKCndyaXRlX2ZpbGVzOgogIC0gcGF0aDogL2V0Yy9zdWRvZXJzLmQvOTktZWxhc3RpYwogICAgb3duZXI6IHJvb3Q6cm9vdAogICAgcGVybWlzc2lvbnM6ICIwNDQwIgogICAgY29udGVudDogfAogICAgICBlbGFzdGljIEFMTD0oQUxMKSBOT1BBU1NXRDpBTEwKCiAgLSBwYXRoOiAvZXRjL2Nsb3VkL2Nsb3VkLmNmZy5kLzk5LWRpc2FibGUtbmV0d29yay1jb25maWcuY2ZnCiAgICBvd25lcjogcm9vdDpyb290CiAgICBwZXJtaXNzaW9uczogIjA2NDQiCiAgICBjb250ZW50OiB8CiAgICAgIG5ldHdvcms6IHtjb25maWc6IGRpc2FibGVkfQoKICAtIHBhdGg6IC9ldGMvbmV0cGxhbi8wMS1zdGF0aWMtaXAueWFtbAogICAgb3duZXI6IHJvb3Q6cm9vdAogICAgcGVybWlzc2lvbnM6ICIwNjAwIgogICAgY29udGVudDogfAogICAgICBuZXR3b3JrOgogICAgICAgIHZlcnNpb246IDIKICAgICAgICByZW5kZXJlcjogbmV0d29ya2QKICAgICAgICBldGhlcm5ldHM6CiAgICAgICAgICBlbnMxNjA6CiAgICAgICAgICAgIGRoY3A0OiBmYWxzZQogICAgICAgICAgICBkaGNwNjogZmFsc2UKICAgICAgICAgICAgYWRkcmVzc2VzOgogICAgICAgICAgICAgIC0gMTcyLjE2LjE2LjQxLzI0CiAgICAgICAgICAgIHJvdXRlczoKICAgICAgICAgICAgICAtIHRvOiBkZWZhdWx0CiAgICAgICAgICAgICAgICB2aWE6IDE3Mi4xNi4xNi4xCiAgICAgICAgICAgIG5hbWVzZXJ2ZXJzOgogICAgICAgICAgICAgIGFkZHJlc3NlczogWzguOC44LjgsIDEuMS4xLjFdCgpwYWNrYWdlX3VwZGF0ZTogZmFsc2UKCnBhY2thZ2VzOgogIC0gb3Blbi12bS10b29scwogIC0gcHl0aG9uMwogIC0gcHl0aG9uMy1hcHQKCnJ1bmNtZDoKICAtIHN5c3RlbWN0bCBlbmFibGUgLS1ub3cgb3Blbi12bS10b29scwogIC0gcm0gLWYgL2V0Yy9uZXRwbGFuLzUwLWNsb3VkLWluaXQueWFtbAogIC0gcm0gLWYgL2V0Yy9uZXRwbGFuLzAwLWluc3RhbGxlci1jb25maWcueWFtbAogIC0gY2htb2QgNjAwIC9ldGMvbmV0cGxhbi8wMS1zdGF0aWMtaXAueWFtbAogIC0gbmV0cGxhbiBnZW5lcmF0ZQogIC0gbmV0cGxhbiBhcHBseQogIC0gc3lzdGVtY3RsIHJlc3RhcnQgc3lzdGVtZC1uZXR3b3JrZCB8fCB0cnVlCg==",
              "guestinfo.userdata.encoding": "base64"
            },
            "extra_config_reboot_required": true,
            "firmware": "bios",
            "folder": "",
            "force_power_off": true,
            "guest_id": "ubuntu64Guest",
            "guest_ip_addresses": [],
            "hardware_version": 19,
            "host_system_id": "host-10",
            "hv_mode": "hvAuto",
            "id": "420505d1-9320-3434-7cf4-e975f0799f08",
            "ide_controller_count": 2,
            "ignored_guest_ips": null,
            "imported": null,
            "latency_sensitivity": "normal",
            "memory": 8192,
            "memory_hot_add_enabled": false,
            "memory_limit": -1,
            "memory_reservation": 0,
            "memory_reservation_locked_to_max": false,
            "memory_share_count": 81920,
            "memory_share_level": "normal",
            "migrate_wait_timeout": 30,
            "moid": "vm-6085",
            "name": "omhal-lab-node2",
            "nested_hv_enabled": false,
            "network_interface": [
              {
                "adapter_type": "vmxnet3",
                "bandwidth_limit": -1,
                "bandwidth_reservation": 0,
                "bandwidth_share_count": 50,
                "bandwidth_share_level": "normal",
                "device_address": "pci:0:7",
                "external_port_id": "",
                "key": 4000,
                "mac_address": "00:50:56:85:33:b7",
                "network_id": "network-30",
                "ovf_mapping": "",
                "physical_function": "",
                "use_static_mac": false
              }
            ],
            "num_cores_per_numa_node": null,
            "num_cores_per_socket": 1,
            "num_cpus": 4,
            "nvme_controller_count": 0,
            "ovf_deploy": [],
            "pci_device_id": null,
            "power_state": "on",
            "poweron_timeout": 300,
            "reboot_required": false,
            "replace_trigger": null,
            "resource_pool_id": "resgroup-9",
            "run_tools_scripts_after_power_on": true,
            "run_tools_scripts_after_resume": true,
            "run_tools_scripts_before_guest_reboot": false,
            "run_tools_scripts_before_guest_shutdown": true,
            "run_tools_scripts_before_guest_standby": true,
            "sata_controller_count": 0,
            "scsi_bus_sharing": "noSharing",
            "scsi_controller_count": 1,
            "scsi_type": "lsilogic",
            "shutdown_wait_timeout": 3,
            "storage_policy_id": "",
            "swap_placement_policy": "inherit",
            "sync_time_with_host": true,
            "sync_time_with_host_periodically": false,
            "tags": null,
            "tools_upgrade_policy": "manual",
            "uuid": "420505d1-9320-3434-7cf4-e975f0799f08",
            "vapp": [],
            "vapp_transport": [],
            "vbs_enabled": false,
            "video_card": [],
            "vmware_tools_status": "guestToolsNotRunning",
            "vmx_path": "omhal-lab-node2/omhal-lab-node2.vmx",
            "vtpm": [],
            "vvtd_enabled": false,
            "wait_for_guest_ip_timeout": 0,
            "wait_for_guest_net_routable": true,
            "wait_for_guest_net_timeout": 0
          },
          "sensitive_attributes": [
            [
              {
                "type": "get_attr",
                "value": "extra_config"
              },
              {
                "type": "index",
                "value": {
                  "value": "guestinfo.userdata",
                  "type": "string"
                }
              }
            ]
          ],
          "private": "eyJzY2hlbWFfdmVyc2lvbiI6IjMifQ==",
          "dependencies": [
            "data.vsphere_datastore.datastore",
            "data.vsphere_host.host",
            "data.vsphere_network.network",
            "data.vsphere_virtual_machine.template"
          ]
        },
        {
          "index_key": "omhal-lab-node3",
          "schema_version": 3,
          "attributes": {
            "alternate_guest_name": "",
            "annotation": "",
            "boot_delay": 0,
            "boot_retry_delay": 10000,
            "boot_retry_enabled": false,
            "cdrom": [],
            "change_version": "2026-07-03T02:19:22.479294Z",
            "clone": [
              {
                "customization_spec": [],
                "customize": [],
                "linked_clone": false,
                "ovf_network_map": null,
                "ovf_storage_map": null,
                "template_uuid": "42057c6b-4aa3-c58f-c9ba-fe0ffa5a38ab",
                "timeout": 30
              }
            ],
            "cpu_hot_add_enabled": false,
            "cpu_hot_remove_enabled": false,
            "cpu_limit": -1,
            "cpu_performance_counters_enabled": false,
            "cpu_reservation": 0,
            "cpu_share_count": 4000,
            "cpu_share_level": "normal",
            "custom_attributes": null,
            "datacenter_id": null,
            "datastore_cluster_id": null,
            "datastore_id": "datastore-13",
            "default_ip_address": null,
            "disk": [
              {
                "attach": false,
                "controller_type": "scsi",
                "datastore_id": "datastore-13",
                "device_address": "scsi:0:0",
                "disk_mode": "persistent",
                "disk_sharing": "sharingNone",
                "eagerly_scrub": false,
                "io_limit": -1,
                "io_reservation": 0,
                "io_share_count": 1000,
                "io_share_level": "normal",
                "keep_on_remove": false,
                "key": 2000,
                "label": "root-disk",
                "path": "omhal-lab-node3/omhal-lab-node3.vmdk",
                "size": 50,
                "storage_policy_id": "",
                "thin_provisioned": false,
                "unit_number": 0,
                "uuid": "6000C29d-e0e9-3cd8-da78-438830aa6ae8",
                "write_through": false
              }
            ],
            "efi_secure_boot_enabled": false,
            "enable_disk_uuid": false,
            "enable_logging": false,
            "ept_rvi_mode": "automatic",
            "evc_mode": null,
            "extra_config": {
              "guestinfo.userdata": "I2Nsb3VkLWNvbmZpZwpob3N0bmFtZTogb21oYWwtbGFiLW5vZGUzCmZxZG46IG9taGFsLWxhYi1ub2RlMwptYW5hZ2VfZXRjX2hvc3RzOiB0cnVlCgp1c2VyczoKICAtIG5hbWU6IGVsYXN0aWMKICAgIGdyb3Vwczogc3VkbwogICAgc3VkbzogQUxMPShBTEwpIE5PUEFTU1dEOkFMTAogICAgc2hlbGw6IC9iaW4vYmFzaAogICAgbG9ja19wYXNzd2Q6IGZhbHNlCiAgICBzc2hfYXV0aG9yaXplZF9rZXlzOgogICAgICAtIHNzaC1yc2EgQUFBQUIzTnphQzF5YzJFQUFBQURBUUFCQUFBQmdRRDBWNVN1L0FjS3YyUFNORXFlS1pJd3E0V2ZnVG80MFVLVGVSZ1dqdUswR3FRYkxnN1hhazcvUnRrNXNOMXFmNXN3YmNNWWswSXRqZFBmTGR4dC9kdExEa1dadmNXdzVvZWsrZCtMWHg0NXQyQXJWVzM5VUE4c05nRXdRaE5makdTSFJ6bnY3UWdidWZSWkMrQW5laVR1emhUKzNnSy9uRS8rYXRpTi9GdnVMb3dsRytaYWlkTkNMTStQOElQa3Avb0l5TmtqQXhhZ2haa1Rxc3pBU1A0djQyMzd3M2x0dlZWd3VOT25wZHRNRzQ4TzMvaHA5VDlmYmZlM3YrK2w4b0VuU1NMYS9wMWRZRWs0UjJrdExwTkNRWEcvOEZKZlZ2Q0gvTm14WW1ncVhRcEF1eUFmRDIwUUdMS2RNbFZFSHpOYmhsR3QvbHlmMGVKT09mVUk1SHozcHdvUm5McnFCSjVwYXdLbGZYUVFjbjY5WStRMEpaU2g0MldrWTZtUEtTd25UNVRXcTRwMEpGakhFbUtWMCtsY3FpUi9UcmttMGFZYmlrQkxScDZPRmpxRndBY3ZCOGlObzFqeGxtbTJNdUhyTzlrb3FtZjNwekxIUE5Qa3BNakdneEZiSGM5VkNrcUVjRDNRNnJQVHlQSkdOSUJIQS9tMHQxWkRGY0RnR05NPQoKY2hwYXNzd2Q6CiAgbGlzdDogfAogICAgZWxhc3RpYzpKYWthcnRhMjAyNiEKICBleHBpcmU6IGZhbHNlCgpzc2hfcHdhdXRoOiB0cnVlCmRpc2FibGVfcm9vdDogZmFsc2UKCndyaXRlX2ZpbGVzOgogIC0gcGF0aDogL2V0Yy9zdWRvZXJzLmQvOTktZWxhc3RpYwogICAgb3duZXI6IHJvb3Q6cm9vdAogICAgcGVybWlzc2lvbnM6ICIwNDQwIgogICAgY29udGVudDogfAogICAgICBlbGFzdGljIEFMTD0oQUxMKSBOT1BBU1NXRDpBTEwKCiAgLSBwYXRoOiAvZXRjL2Nsb3VkL2Nsb3VkLmNmZy5kLzk5LWRpc2FibGUtbmV0d29yay1jb25maWcuY2ZnCiAgICBvd25lcjogcm9vdDpyb290CiAgICBwZXJtaXNzaW9uczogIjA2NDQiCiAgICBjb250ZW50OiB8CiAgICAgIG5ldHdvcms6IHtjb25maWc6IGRpc2FibGVkfQoKICAtIHBhdGg6IC9ldGMvbmV0cGxhbi8wMS1zdGF0aWMtaXAueWFtbAogICAgb3duZXI6IHJvb3Q6cm9vdAogICAgcGVybWlzc2lvbnM6ICIwNjAwIgogICAgY29udGVudDogfAogICAgICBuZXR3b3JrOgogICAgICAgIHZlcnNpb246IDIKICAgICAgICByZW5kZXJlcjogbmV0d29ya2QKICAgICAgICBldGhlcm5ldHM6CiAgICAgICAgICBlbnMxNjA6CiAgICAgICAgICAgIGRoY3A0OiBmYWxzZQogICAgICAgICAgICBkaGNwNjogZmFsc2UKICAgICAgICAgICAgYWRkcmVzc2VzOgogICAgICAgICAgICAgIC0gMTcyLjE2LjE2LjQyLzI0CiAgICAgICAgICAgIHJvdXRlczoKICAgICAgICAgICAgICAtIHRvOiBkZWZhdWx0CiAgICAgICAgICAgICAgICB2aWE6IDE3Mi4xNi4xNi4xCiAgICAgICAgICAgIG5hbWVzZXJ2ZXJzOgogICAgICAgICAgICAgIGFkZHJlc3NlczogWzguOC44LjgsIDEuMS4xLjFdCgpwYWNrYWdlX3VwZGF0ZTogZmFsc2UKCnBhY2thZ2VzOgogIC0gb3Blbi12bS10b29scwogIC0gcHl0aG9uMwogIC0gcHl0aG9uMy1hcHQKCnJ1bmNtZDoKICAtIHN5c3RlbWN0bCBlbmFibGUgLS1ub3cgb3Blbi12bS10b29scwogIC0gcm0gLWYgL2V0Yy9uZXRwbGFuLzUwLWNsb3VkLWluaXQueWFtbAogIC0gcm0gLWYgL2V0Yy9uZXRwbGFuLzAwLWluc3RhbGxlci1jb25maWcueWFtbAogIC0gY2htb2QgNjAwIC9ldGMvbmV0cGxhbi8wMS1zdGF0aWMtaXAueWFtbAogIC0gbmV0cGxhbiBnZW5lcmF0ZQogIC0gbmV0cGxhbiBhcHBseQogIC0gc3lzdGVtY3RsIHJlc3RhcnQgc3lzdGVtZC1uZXR3b3JrZCB8fCB0cnVlCg==",
              "guestinfo.userdata.encoding": "base64"
            },
            "extra_config_reboot_required": true,
            "firmware": "bios",
            "folder": "",
            "force_power_off": true,
            "guest_id": "ubuntu64Guest",
            "guest_ip_addresses": [],
            "hardware_version": 19,
            "host_system_id": "host-10",
            "hv_mode": "hvAuto",
            "id": "42057015-27e0-c02f-96f2-e308485f97b5",
            "ide_controller_count": 2,
            "ignored_guest_ips": null,
            "imported": null,
            "latency_sensitivity": "normal",
            "memory": 8192,
            "memory_hot_add_enabled": false,
            "memory_limit": -1,
            "memory_reservation": 0,
            "memory_reservation_locked_to_max": false,
            "memory_share_count": 81920,
            "memory_share_level": "normal",
            "migrate_wait_timeout": 30,
            "moid": "vm-6080",
            "name": "omhal-lab-node3",
            "nested_hv_enabled": false,
            "network_interface": [
              {
                "adapter_type": "vmxnet3",
                "bandwidth_limit": -1,
                "bandwidth_reservation": 0,
                "bandwidth_share_count": 50,
                "bandwidth_share_level": "normal",
                "device_address": "pci:0:7",
                "external_port_id": "",
                "key": 4000,
                "mac_address": "00:50:56:85:4a:8a",
                "network_id": "network-30",
                "ovf_mapping": "",
                "physical_function": "",
                "use_static_mac": false
              }
            ],
            "num_cores_per_numa_node": null,
            "num_cores_per_socket": 1,
            "num_cpus": 4,
            "nvme_controller_count": 0,
            "ovf_deploy": [],
            "pci_device_id": null,
            "power_state": "on",
            "poweron_timeout": 300,
            "reboot_required": false,
            "replace_trigger": null,
            "resource_pool_id": "resgroup-9",
            "run_tools_scripts_after_power_on": true,
            "run_tools_scripts_after_resume": true,
            "run_tools_scripts_before_guest_reboot": false,
            "run_tools_scripts_before_guest_shutdown": true,
            "run_tools_scripts_before_guest_standby": true,
            "sata_controller_count": 0,
            "scsi_bus_sharing": "noSharing",
            "scsi_controller_count": 1,
            "scsi_type": "lsilogic",
            "shutdown_wait_timeout": 3,
            "storage_policy_id": "",
            "swap_placement_policy": "inherit",
            "sync_time_with_host": true,
            "sync_time_with_host_periodically": false,
            "tags": null,
            "tools_upgrade_policy": "manual",
            "uuid": "42057015-27e0-c02f-96f2-e308485f97b5",
            "vapp": [],
            "vapp_transport": [],
            "vbs_enabled": false,
            "video_card": [],
            "vmware_tools_status": "guestToolsNotRunning",
            "vmx_path": "omhal-lab-node3/omhal-lab-node3.vmx",
            "vtpm": [],
            "vvtd_enabled": false,
            "wait_for_guest_ip_timeout": 0,
            "wait_for_guest_net_routable": true,
            "wait_for_guest_net_timeout": 0
          },
          "sensitive_attributes": [
            [
              {
                "type": "get_attr",
                "value": "extra_config"
              },
              {
                "type": "index",
                "value": {
                  "value": "guestinfo.userdata",
                  "type": "string"
                }
              }
            ]
          ],
          "private": "eyJzY2hlbWFfdmVyc2lvbiI6IjMifQ==",
          "dependencies": [
            "data.vsphere_datastore.datastore",
            "data.vsphere_host.host",
            "data.vsphere_network.network",
            "data.vsphere_virtual_machine.template"
          ]
        }
      ]
    }
  ],
  "check_results": null
}
